PODS:
  - AFNetworking (2.5.3):
    - AFNetworking/NSURLConnection (= 2.5.3)
    - AFNetworking/NSURLSession (= 2.5.3)
    - AFNetworking/Reachability (= 2.5.3)
    - AFNetworking/Security (= 2.5.3)
    - AFNetworking/Serialization (= 2.5.3)
    - AFNetworking/UIKit (= 2.5.3)
  - AFNetworking/NSURLConnection (2.5.3):
    - AFNetworking/Reachability
    - AFNetworking/Security
    - AFNetworking/Serialization
  - AFNetworking/NSURLSession (2.5.3):
    - AFNetworking/Reachability
    - AFNetworking/Security
    - AFNetworking/Serialization
  - AFNetworking/Reachability (2.5.3)
  - AFNetworking/Security (2.5.3)
  - AFNetworking/Serialization (2.5.3)
  - AFNetworking/UIKit (2.5.3):
    - AFNetworking/NSURLConnection
    - AFNetworking/NSURLSession
  - BRYSerialAnimationQueue (1.0.0)
  - MBProgressHUD (0.9.1)
  - SSBouncyButton (1.0.3):
    - BRYSerialAnimationQueue (~> 1.0)
    - UIColor-Hex
    - UIImage+BetterAdditions (~> 2.0)
  - SSKeychain (1.2.3)
  - UAProgressView (0.1.1)
  - UIColor-Hex (0.1.1)
  - UIImage+BetterAdditions (2.0.0)

DEPENDENCIES:
  - AFNetworking (~> 2.5)
  - MBProgressHUD (~> 0.9.1)
  - SSBouncyButton (~> 1.0)
  - SSKeychain
  - UAProgressView

SPEC CHECKSUMS:
  AFNetworking: e1d86c2a96bb5d2e7408da36149806706ee122fe
  BRYSerialAnimationQueue: 75feef56345338619a6c2111f2a81de28a59c368
  MBProgressHUD: c47f2c166c126cf2ce36498d80f33e754d4e93ad
  SSBouncyButton: 8241d68be5cb94612dc12d097ed683b8c2dbbca5
  SSKeychain: 3f42991739c6c60a9cf1bbd4dff6c0d3694bcf3d
  UAProgressView: 9518e321a5d4173f66c225717db873322ec1f070
  UIColor-Hex: 77e80f383c6b3a63c5e95a9a4a7f4a71976e38a5
  UIImage+BetterAdditions: 7597a52af66213c88099b0c509be1df642aab860

COCOAPODS: 0.36.3
